
Microsoft Visual Studio Solution File, Format Version 12.00
# Visual Studio Version 16
VisualStudioVersion = 16.0.31624.102
MinimumVisualStudioVersion = 10.0.40219.1
Project("{FAE04EC0-301F-11D3-BF4B-00C04F79EFBC}") = "MVC-DIO", "MVC-DIO\MVC-DIO.csproj", "{D4D68770-8741-496D-B4F7-5B1D15C939B9}"
EndProject
Global
	GlobalSection(SolutionConfigurationPlatforms) = preSolution
		Debug|Any CPU = Debug|Any CPU
		Release|Any CPU = Release|Any CPU
	EndGlobalSection
	GlobalSection(ProjectConfigurationPlatforms) = postSolution
		{D4D68770-8741-496D-B4F7-5B1D15C939B9}.Debug|Any CPU.ActiveCfg = Debug|Any CPU
		{D4D68770-8741-496D-B4F7-5B1D15C939B9}.Debug|Any CPU.Build.0 = Debug|Any CPU
		{D4D68770-8741-496D-B4F7-5B1D15C939B9}.Release|Any CPU.ActiveCfg = Release|Any CPU
		{D4D68770-8741-496D-B4F7-5B1D15C939B9}.Release|Any CPU.Build.0 = Release|Any CPU
	EndGlobalSection
	GlobalSection(SolutionProperties) = preSolution
		HideSolutionNode = FALSE
	EndGlobalSection
	GlobalSection(ExtensibilityGlobals) = postSolution
		SolutionGuid = {58762499-E798-461A-AA2E-4B68F3BF010D}
	EndGlobalSection
EndGlobal
